{
  "name": "ts-test01",
  "version": "1.0.0",
  "lockfileVersion": 1,
  "requires": true,
  "dependencies": {
    "@types/node": {
      "version": "12.0.5",
      "resolved": "https://registry.npmjs.org/@types/node/-/node-12.0.5.tgz",
      "integrity": "sha512-CFLSALoE+93+Hcb5pFjp0J1uMrrbLRe+L1+gFwerJ776R3TACSF0kTVRQ7AvRa7aFx70nqYHAc7wQPlt9kY2Mg=="
    },
    "typescript": {
      "version": "3.5.1",
      "resolved": "https://registry.npmjs.org/typescript/-/typescript-3.5.1.tgz",
      "integrity": "sha512-64HkdiRv1yYZsSe4xC1WVgamNigVYjlssIoaH2HcZF0+ijsk5YK2g0G34w9wJkze8+5ow4STd22AynfO6ZYYLw==",
      "dev": true
    }
  }
}
